
Microsoft Visual Studio Solution File, Format Version 12.00
# Visual Studio Version 17
VisualStudioVersion = 17.0.31903.59
MinimumVisualStudioVersion = 10.0.40219.1
Project("{2150E333-8FDC-42A3-9474-1A3956D46DE8}") = "src", "src", "{827E0CD3-B72D-47B6-A68D-7590B98EB39B}"
EndProject
Project("{FAE04EC0-301F-11D3-BF4B-00C04F79EFBC}") = "CerroVerde.WebApi", "src\CerroVerde.WebApi\CerroVerde.WebApi.csproj", "{C6A4E394-3F36-4650-BB2C-E555B100AA15}"
EndProject
Project("{2150E333-8FDC-42A3-9474-1A3956D46DE8}") = "Controle", "Controle", "{D31EC76D-19C6-73DD-F3AE-6B10E7155256}"
EndProject
Project("{2150E333-8FDC-42A3-9474-1A3956D46DE8}") = "Financeiro", "Financeiro", "{8CA10C9B-6BD3-2C48-6E0D-DD1640524156}"
EndProject
Project("{FAE04EC0-301F-11D3-BF4B-00C04F79EFBC}") = "Financeiro.Library", "src\Financeiro\Financeiro.Library\Financeiro.Library.csproj", "{911F9F1B-94A0-43BD-83CC-04A65B1F1DC2}"
EndProject
Project("{FAE04EC0-301F-11D3-BF4B-00C04F79EFBC}") = "Controle.Library", "src\Controle\Controle.Library\Controle.Library.csproj", "{F785E256-C1E4-49EB-85B8-4F3A13739A90}"
EndProject
Project("{2150E333-8FDC-42A3-9474-1A3956D46DE8}") = "Common", "Common", "{BFF2DF6E-AA54-47C7-211F-79ACCBB4577C}"
EndProject
Project("{FAE04EC0-301F-11D3-BF4B-00C04F79EFBC}") = "Testes.Common", "src\Common\Fixture.Common\Testes.Common.csproj", "{9045BC90-C313-4AC9-A994-CE0208660135}"
EndProject
Project("{FAE04EC0-301F-11D3-BF4B-00C04F79EFBC}") = "Controle.Library.Tests", "src\Controle\Controle.Library.Tests\Controle.Library.Tests.csproj", "{88BF0484-9F3C-4A63-A88E-A6FF97E188FA}"
EndProject
Project("{FAE04EC0-301F-11D3-BF4B-00C04F79EFBC}") = "Controle.Library.Fixture", "src\Controle\Controle.Library.Fixture\Controle.Library.Fixture.csproj", "{459BFD89-016D-43C0-8AC7-FEF2DC9D6BA9}"
EndProject
Global
	GlobalSection(SolutionConfigurationPlatforms) = preSolution
		Debug|Any CPU = Debug|Any CPU
		Debug|x64 = Debug|x64
		Debug|x86 = Debug|x86
		Release|Any CPU = Release|Any CPU
		Release|x64 = Release|x64
		Release|x86 = Release|x86
	EndGlobalSection
	GlobalSection(ProjectConfigurationPlatforms) = postSolution
		{C6A4E394-3F36-4650-BB2C-E555B100AA15}.Debug|Any CPU.ActiveCfg = Debug|Any CPU
		{C6A4E394-3F36-4650-BB2C-E555B100AA15}.Debug|Any CPU.Build.0 = Debug|Any CPU
		{C6A4E394-3F36-4650-BB2C-E555B100AA15}.Debug|x64.ActiveCfg = Debug|Any CPU
		{C6A4E394-3F36-4650-BB2C-E555B100AA15}.Debug|x64.Build.0 = Debug|Any CPU
		{C6A4E394-3F36-4650-BB2C-E555B100AA15}.Debug|x86.ActiveCfg = Debug|Any CPU
		{C6A4E394-3F36-4650-BB2C-E555B100AA15}.Debug|x86.Build.0 = Debug|Any CPU
		{C6A4E394-3F36-4650-BB2C-E555B100AA15}.Release|Any CPU.ActiveCfg = Release|Any CPU
		{C6A4E394-3F36-4650-BB2C-E555B100AA15}.Release|Any CPU.Build.0 = Release|Any CPU
		{C6A4E394-3F36-4650-BB2C-E555B100AA15}.Release|x64.ActiveCfg = Release|Any CPU
		{C6A4E394-3F36-4650-BB2C-E555B100AA15}.Release|x64.Build.0 = Release|Any CPU
		{C6A4E394-3F36-4650-BB2C-E555B100AA15}.Release|x86.ActiveCfg = Release|Any CPU
		{C6A4E394-3F36-4650-BB2C-E555B100AA15}.Release|x86.Build.0 = Release|Any CPU
		{911F9F1B-94A0-43BD-83CC-04A65B1F1DC2}.Debug|Any CPU.ActiveCfg = Debug|Any CPU
		{911F9F1B-94A0-43BD-83CC-04A65B1F1DC2}.Debug|Any CPU.Build.0 = Debug|Any CPU
		{911F9F1B-94A0-43BD-83CC-04A65B1F1DC2}.Debug|x64.ActiveCfg = Debug|Any CPU
		{911F9F1B-94A0-43BD-83CC-04A65B1F1DC2}.Debug|x64.Build.0 = Debug|Any CPU
		{911F9F1B-94A0-43BD-83CC-04A65B1F1DC2}.Debug|x86.ActiveCfg = Debug|Any CPU
		{911F9F1B-94A0-43BD-83CC-04A65B1F1DC2}.Debug|x86.Build.0 = Debug|Any CPU
		{911F9F1B-94A0-43BD-83CC-04A65B1F1DC2}.Release|Any CPU.ActiveCfg = Release|Any CPU
		{911F9F1B-94A0-43BD-83CC-04A65B1F1DC2}.Release|Any CPU.Build.0 = Release|Any CPU
		{911F9F1B-94A0-43BD-83CC-04A65B1F1DC2}.Release|x64.ActiveCfg = Release|Any CPU
		{911F9F1B-94A0-43BD-83CC-04A65B1F1DC2}.Release|x64.Build.0 = Release|Any CPU
		{911F9F1B-94A0-43BD-83CC-04A65B1F1DC2}.Release|x86.ActiveCfg = Release|Any CPU
		{911F9F1B-94A0-43BD-83CC-04A65B1F1DC2}.Release|x86.Build.0 = Release|Any CPU
		{F785E256-C1E4-49EB-85B8-4F3A13739A90}.Debug|Any CPU.ActiveCfg = Debug|Any CPU
		{F785E256-C1E4-49EB-85B8-4F3A13739A90}.Debug|Any CPU.Build.0 = Debug|Any CPU
		{F785E256-C1E4-49EB-85B8-4F3A13739A90}.Debug|x64.ActiveCfg = Debug|Any CPU
		{F785E256-C1E4-49EB-85B8-4F3A13739A90}.Debug|x64.Build.0 = Debug|Any CPU
		{F785E256-C1E4-49EB-85B8-4F3A13739A90}.Debug|x86.ActiveCfg = Debug|Any CPU
		{F785E256-C1E4-49EB-85B8-4F3A13739A90}.Debug|x86.Build.0 = Debug|Any CPU
		{F785E256-C1E4-49EB-85B8-4F3A13739A90}.Release|Any CPU.ActiveCfg = Release|Any CPU
		{F785E256-C1E4-49EB-85B8-4F3A13739A90}.Release|Any CPU.Build.0 = Release|Any CPU
		{F785E256-C1E4-49EB-85B8-4F3A13739A90}.Release|x64.ActiveCfg = Release|Any CPU
		{F785E256-C1E4-49EB-85B8-4F3A13739A90}.Release|x64.Build.0 = Release|Any CPU
		{F785E256-C1E4-49EB-85B8-4F3A13739A90}.Release|x86.ActiveCfg = Release|Any CPU
		{F785E256-C1E4-49EB-85B8-4F3A13739A90}.Release|x86.Build.0 = Release|Any CPU
		{9045BC90-C313-4AC9-A994-CE0208660135}.Debug|Any CPU.ActiveCfg = Debug|Any CPU
		{9045BC90-C313-4AC9-A994-CE0208660135}.Debug|Any CPU.Build.0 = Debug|Any CPU
		{9045BC90-C313-4AC9-A994-CE0208660135}.Debug|x64.ActiveCfg = Debug|Any CPU
		{9045BC90-C313-4AC9-A994-CE0208660135}.Debug|x64.Build.0 = Debug|Any CPU
		{9045BC90-C313-4AC9-A994-CE0208660135}.Debug|x86.ActiveCfg = Debug|Any CPU
		{9045BC90-C313-4AC9-A994-CE0208660135}.Debug|x86.Build.0 = Debug|Any CPU
		{9045BC90-C313-4AC9-A994-CE0208660135}.Release|Any CPU.ActiveCfg = Release|Any CPU
		{9045BC90-C313-4AC9-A994-CE0208660135}.Release|Any CPU.Build.0 = Release|Any CPU
		{9045BC90-C313-4AC9-A994-CE0208660135}.Release|x64.ActiveCfg = Release|Any CPU
		{9045BC90-C313-4AC9-A994-CE0208660135}.Release|x64.Build.0 = Release|Any CPU
		{9045BC90-C313-4AC9-A994-CE0208660135}.Release|x86.ActiveCfg = Release|Any CPU
		{9045BC90-C313-4AC9-A994-CE0208660135}.Release|x86.Build.0 = Release|Any CPU
		{88BF0484-9F3C-4A63-A88E-A6FF97E188FA}.Debug|Any CPU.ActiveCfg = Debug|Any CPU
		{88BF0484-9F3C-4A63-A88E-A6FF97E188FA}.Debug|Any CPU.Build.0 = Debug|Any CPU
		{88BF0484-9F3C-4A63-A88E-A6FF97E188FA}.Debug|x64.ActiveCfg = Debug|Any CPU
		{88BF0484-9F3C-4A63-A88E-A6FF97E188FA}.Debug|x64.Build.0 = Debug|Any CPU
		{88BF0484-9F3C-4A63-A88E-A6FF97E188FA}.Debug|x86.ActiveCfg = Debug|Any CPU
		{88BF0484-9F3C-4A63-A88E-A6FF97E188FA}.Debug|x86.Build.0 = Debug|Any CPU
		{88BF0484-9F3C-4A63-A88E-A6FF97E188FA}.Release|Any CPU.ActiveCfg = Release|Any CPU
		{88BF0484-9F3C-4A63-A88E-A6FF97E188FA}.Release|Any CPU.Build.0 = Release|Any CPU
		{88BF0484-9F3C-4A63-A88E-A6FF97E188FA}.Release|x64.ActiveCfg = Release|Any CPU
		{88BF0484-9F3C-4A63-A88E-A6FF97E188FA}.Release|x64.Build.0 = Release|Any CPU
		{88BF0484-9F3C-4A63-A88E-A6FF97E188FA}.Release|x86.ActiveCfg = Release|Any CPU
		{88BF0484-9F3C-4A63-A88E-A6FF97E188FA}.Release|x86.Build.0 = Release|Any CPU
		{459BFD89-016D-43C0-8AC7-FEF2DC9D6BA9}.Debug|Any CPU.ActiveCfg = Debug|Any CPU
		{459BFD89-016D-43C0-8AC7-FEF2DC9D6BA9}.Debug|Any CPU.Build.0 = Debug|Any CPU
		{459BFD89-016D-43C0-8AC7-FEF2DC9D6BA9}.Debug|x64.ActiveCfg = Debug|Any CPU
		{459BFD89-016D-43C0-8AC7-FEF2DC9D6BA9}.Debug|x64.Build.0 = Debug|Any CPU
		{459BFD89-016D-43C0-8AC7-FEF2DC9D6BA9}.Debug|x86.ActiveCfg = Debug|Any CPU
		{459BFD89-016D-43C0-8AC7-FEF2DC9D6BA9}.Debug|x86.Build.0 = Debug|Any CPU
		{459BFD89-016D-43C0-8AC7-FEF2DC9D6BA9}.Release|Any CPU.ActiveCfg = Release|Any CPU
		{459BFD89-016D-43C0-8AC7-FEF2DC9D6BA9}.Release|Any CPU.Build.0 = Release|Any CPU
		{459BFD89-016D-43C0-8AC7-FEF2DC9D6BA9}.Release|x64.ActiveCfg = Release|Any CPU
		{459BFD89-016D-43C0-8AC7-FEF2DC9D6BA9}.Release|x64.Build.0 = Release|Any CPU
		{459BFD89-016D-43C0-8AC7-FEF2DC9D6BA9}.Release|x86.ActiveCfg = Release|Any CPU
		{459BFD89-016D-43C0-8AC7-FEF2DC9D6BA9}.Release|x86.Build.0 = Release|Any CPU
	EndGlobalSection
	GlobalSection(SolutionProperties) = preSolution
		HideSolutionNode = FALSE
	EndGlobalSection
	GlobalSection(NestedProjects) = preSolution
		{C6A4E394-3F36-4650-BB2C-E555B100AA15} = {827E0CD3-B72D-47B6-A68D-7590B98EB39B}
		{D31EC76D-19C6-73DD-F3AE-6B10E7155256} = {827E0CD3-B72D-47B6-A68D-7590B98EB39B}
		{8CA10C9B-6BD3-2C48-6E0D-DD1640524156} = {827E0CD3-B72D-47B6-A68D-7590B98EB39B}
		{911F9F1B-94A0-43BD-83CC-04A65B1F1DC2} = {8CA10C9B-6BD3-2C48-6E0D-DD1640524156}
		{F785E256-C1E4-49EB-85B8-4F3A13739A90} = {D31EC76D-19C6-73DD-F3AE-6B10E7155256}
		{BFF2DF6E-AA54-47C7-211F-79ACCBB4577C} = {827E0CD3-B72D-47B6-A68D-7590B98EB39B}
		{9045BC90-C313-4AC9-A994-CE0208660135} = {BFF2DF6E-AA54-47C7-211F-79ACCBB4577C}
		{88BF0484-9F3C-4A63-A88E-A6FF97E188FA} = {D31EC76D-19C6-73DD-F3AE-6B10E7155256}
		{459BFD89-016D-43C0-8AC7-FEF2DC9D6BA9} = {D31EC76D-19C6-73DD-F3AE-6B10E7155256}
	EndGlobalSection
EndGlobal
